
Microsoft Visual Studio Solution File, Format Version 12.00
# Visual Studio Version 17
VisualStudioVersion = 17.12.35514.174
MinimumVisualStudioVersion = 10.0.40219.1
Project("{FAE04EC0-301F-11D3-BF4B-00C04F79EFBC}") = "Entry Point", "Farm backend\Entry Point.csproj", "{DEF84946-43E7-451C-AE36-321C28B5D371}"
EndProject
Project("{2150E333-8FDC-42A3-9474-1A3956D46DE8}") = "Solution Items", "Solution Items", "{3E58ED3F-5945-4A68-885A-D41775AD9071}"
	ProjectSection(SolutionItems) = preProject
		.gitignore = .gitignore
		global.json = global.json
		netlify.toml = netlify.toml
	EndProjectSection
EndProject
Project("{FAE04EC0-301F-11D3-BF4B-00C04F79EFBC}") = "Services", "Services\Services.csproj", "{9CC3332F-1754-4CD6-A2C4-5782C7203502}"
EndProject
Project("{FAE04EC0-301F-11D3-BF4B-00C04F79EFBC}") = "Models", "Models\Models.csproj", "{1111F3F4-3CC3-480F-B6C4-45B34F63EE78}"
EndProject
Project("{FAE04EC0-301F-11D3-BF4B-00C04F79EFBC}") = "Controllers", "Controllers\Controllers.csproj", "{92773AEE-EAB1-4850-A45B-5268870F1933}"
EndProject
Global
	GlobalSection(SolutionConfigurationPlatforms) = preSolution
		Debug|Any CPU = Debug|Any CPU
		Release|Any CPU = Release|Any CPU
	EndGlobalSection
	GlobalSection(ProjectConfigurationPlatforms) = postSolution
		{DEF84946-43E7-451C-AE36-321C28B5D371}.Debug|Any CPU.ActiveCfg = Debug|Any CPU
		{DEF84946-43E7-451C-AE36-321C28B5D371}.Debug|Any CPU.Build.0 = Debug|Any CPU
		{DEF84946-43E7-451C-AE36-321C28B5D371}.Release|Any CPU.ActiveCfg = Release|Any CPU
		{DEF84946-43E7-451C-AE36-321C28B5D371}.Release|Any CPU.Build.0 = Release|Any CPU
		{9CC3332F-1754-4CD6-A2C4-5782C7203502}.Debug|Any CPU.ActiveCfg = Debug|Any CPU
		{9CC3332F-1754-4CD6-A2C4-5782C7203502}.Debug|Any CPU.Build.0 = Debug|Any CPU
		{9CC3332F-1754-4CD6-A2C4-5782C7203502}.Release|Any CPU.ActiveCfg = Release|Any CPU
		{9CC3332F-1754-4CD6-A2C4-5782C7203502}.Release|Any CPU.Build.0 = Release|Any CPU
		{1111F3F4-3CC3-480F-B6C4-45B34F63EE78}.Debug|Any CPU.ActiveCfg = Debug|Any CPU
		{1111F3F4-3CC3-480F-B6C4-45B34F63EE78}.Debug|Any CPU.Build.0 = Debug|Any CPU
		{1111F3F4-3CC3-480F-B6C4-45B34F63EE78}.Release|Any CPU.ActiveCfg = Release|Any CPU
		{1111F3F4-3CC3-480F-B6C4-45B34F63EE78}.Release|Any CPU.Build.0 = Release|Any CPU
		{92773AEE-EAB1-4850-A45B-5268870F1933}.Debug|Any CPU.ActiveCfg = Debug|Any CPU
		{92773AEE-EAB1-4850-A45B-5268870F1933}.Debug|Any CPU.Build.0 = Debug|Any CPU
		{92773AEE-EAB1-4850-A45B-5268870F1933}.Release|Any CPU.ActiveCfg = Release|Any CPU
		{92773AEE-EAB1-4850-A45B-5268870F1933}.Release|Any CPU.Build.0 = Release|Any CPU
	EndGlobalSection
	GlobalSection(SolutionProperties) = preSolution
		HideSolutionNode = FALSE
	EndGlobalSection
	GlobalSection(ExtensibilityGlobals) = postSolution
		SolutionGuid = {23EB4198-C4BC-40FC-954A-605F04D482F3}
	EndGlobalSection
EndGlobal
